
Microsoft Visual Studio Solution File, Format Version 11.00
# Visual Studio 2010
Project("{8BC9CEB8-8B4A-11D0-8D11-00A0C91BC942}") = "2D Shooter 2.0", "2D Shooter 2.0\2D Shooter 2.0.vcxproj", "{335EB01F-BB38-4712-8A56-75F7D25F60EB}"
EndProject
Global
	GlobalSection(SolutionConfigurationPlatforms) = preSolution
		Debug|Win32 = Debug|Win32
		Release|Win32 = Release|Win32
	EndGlobalSection
	GlobalSection(ProjectConfigurationPlatforms) = postSolution
		{335EB01F-BB38-4712-8A56-75F7D25F60EB}.Debug|Win32.ActiveCfg = Debug|Win32
		{335EB01F-BB38-4712-8A56-75F7D25F60EB}.Debug|Win32.Build.0 = Debug|Win32
		{335EB01F-BB38-4712-8A56-75F7D25F60EB}.Release|Win32.ActiveCfg = Release|Win32
		{335EB01F-BB38-4712-8A56-75F7D25F60EB}.Release|Win32.Build.0 = Release|Win32
	EndGlobalSection
	GlobalSection(SolutionProperties) = preSolution
		HideSolutionNode = FALSE
	EndGlobalSection
EndGlobal
